// !$*UTF8*$!
{
	archiveVersion = 1;
	classes = {
	};
	objectVersion = 50;
	objects = {

/* Begin PBXBuildFile section */
		D6E95D7323E957010044DF29 /* AppDelegate.swift in Sources */ = {isa = PBXBuildFile; fileRef = D6E95D7223E957010044DF29 /* AppDelegate.swift */; };
		D6E95D7523E957010044DF29 /* SceneDelegate.swift in Sources */ = {isa = PBXBuildFile; fileRef = D6E95D7423E957010044DF29 /* SceneDelegate.swift */; };
		D6E95D7723E957010044DF29 /* ViewController.swift in Sources */ = {isa = PBXBuildFile; fileRef = D6E95D7623E957010044DF29 /* ViewController.swift */; };
		D6E95D7A23E957010044DF29 /* Main.storyboard in Resources */ = {isa = PBXBuildFile; fileRef = D6E95D7823E957010044DF29 /* Main.storyboard */; };
		D6E95D7C23E957020044DF29 /* Assets.xcassets in Resources */ = {isa = PBXBuildFile; fileRef = D6E95D7B23E957020044DF29 /* Assets.xcassets */; };
		D6E95D7F23E957020044DF29 /* LaunchScreen.storyboard in Resources */ = {isa = PBXBuildFile; fileRef = D6E95D7D23E957020044DF29 /* LaunchScreen.storyboard */; };
		D6E95D8A23E957020044DF29 /* StringEncryptionTests.swift in Sources */ = {isa = PBXBuildFile; fileRef = D6E95D8923E957020044DF29 /* StringEncryptionTests.swift */; };
		D6E95D9523E957020044DF29 /* StringEncryptionUITests.swift in Sources */ = {isa = PBXBuildFile; fileRef = D6E95D9423E957020044DF29 /* StringEncryptionUITests.swift */; };
		D6F6FE7D23E9F45F00B963D8 /* EncryptionViewcontroller.swift in Sources */ = {isa = PBXBuildFile; fileRef = D6F6FE7C23E9F45F00B963D8 /* EncryptionViewcontroller.swift */; };
		D6F6FE7F23E9F57F00B963D8 /* DecryptViewController.swift in Sources */ = {isa = PBXBuildFile; fileRef = D6F6FE7E23E9F57F00B963D8 /* DecryptViewController.swift */; };
/* End PBXBuildFile section */

/* Begin PBXContainerItemProxy section */
		D6E95D8623E957020044DF29 /* PBXContainerItemProxy */ = {
			isa = PBXContainerItemProxy;
			containerPortal = D6E95D6723E957010044DF29 /* Project object */;
			proxyType = 1;
			remoteGlobalIDString = D6E95D6E23E957010044DF29;
			remoteInfo = StringEncryption;
		};
		D6E95D9123E957020044DF29 /* PBXContainerItemProxy */ = {
			isa = PBXContainerItemProxy;
			containerPortal = D6E95D6723E957010044DF29 /* Project object */;
			proxyType = 1;
			remoteGlobalIDString = D6E95D6E23E957010044DF29;
			remoteInfo = StringEncryption;
		};
/* End PBXContainerItemProxy section */

/* Begin PBXFileReference section */
		D6E95D6F23E957010044DF29 /* StringEncryption.app */ = {isa = PBXFileReference; explicitFileType = wrapper.application; includeInIndex = 0; path = StringEncryption.app; sourceTree = BUILT_PRODUCTS_DIR; };
		D6E95D7223E957010044DF29 /* AppDelegate.swift */ = {isa = PBXFileReference; lastKnownFileType = sourcecode.swift; path = AppDelegate.swift; sourceTree = "<group>"; };
		D6E95D7423E957010044DF29 /* SceneDelegate.swift */ = {isa = PBXFileReference; lastKnownFileType = sourcecode.swift; path = SceneDelegate.swift; sourceTree = "<group>"; };
		D6E95D7623E957010044DF29 /* ViewController.swift */ = {isa = PBXFileReference; lastKnownFileType = sourcecode.swift; path = ViewController.swift; sourceTree = "<group>"; };
		D6E95D7923E957010044DF29 /* Base */ = {isa = PBXFileReference; lastKnownFileType = file.storyboard; name = Base; path = Base.lproj/Main.storyboard; sourceTree = "<group>"; };
		D6E95D7B23E957020044DF29 /* Assets.xcassets */ = {isa = PBXFileReference; lastKnownFileType = folder.assetcatalog; path = Assets.xcassets; sourceTree = "<group>"; };
		D6E95D7E23E957020044DF29 /* Base */ = {isa = PBXFileReference; lastKnownFileType = file.storyboard; name = Base; path = Base.lproj/LaunchScreen.storyboard; sourceTree = "<group>"; };
		D6E95D8023E957020044DF29 /* Info.plist */ = {isa = PBXFileReference; lastKnownFileType = text.plist.xml; path = Info.plist; sourceTree = "<group>"; };
		D6E95D8523E957020044DF29 /* StringEncryptionTests.xctest */ = {isa = PBXFileReference; explicitFileType = wrapper.cfbundle; includeInIndex = 0; path = StringEncryptionTests.xctest; sourceTree = BUILT_PRODUCTS_DIR; };
		D6E95D8923E957020044DF29 /* StringEncryptionTests.swift */ = {isa = PBXFileReference; lastKnownFileType = sourcecode.swift; path = StringEncryptionTests.swift; sourceTree = "<group>"; };
		D6E95D8B23E957020044DF29 /* Info.plist */ = {isa = PBXFileReference; lastKnownFileType = text.plist.xml; path = Info.plist; sourceTree = "<group>"; };
		D6E95D9023E957020044DF29 /* StringEncryptionUITests.xctest */ = {isa = PBXFileReference; explicitFileType = wrapper.cfbundle; includeInIndex = 0; path = StringEncryptionUITests.xctest; sourceTree = BUILT_PRODUCTS_DIR; };
		D6E95D9423E957020044DF29 /* StringEncryptionUITests.swift */ = {isa = PBXFileReference; lastKnownFileType = sourcecode.swift; path = StringEncryptionUITests.swift; sourceTree = "<group>"; };
		D6E95D9623E957020044DF29 /* Info.plist */ = {isa = PBXFileReference; lastKnownFileType = text.plist.xml; path = Info.plist; sourceTree = "<group>"; };
		D6F6FE7C23E9F45F00B963D8 /* EncryptionViewcontroller.swift */ = {isa = PBXFileReference; lastKnownFileType = sourcecode.swift; path = EncryptionViewcontroller.swift; sourceTree = "<group>"; };
		D6F6FE7E23E9F57F00B963D8 /* DecryptViewController.swift */ = {isa = PBXFileReference; lastKnownFileType = sourcecode.swift; path = DecryptViewController.swift; sourceTree = "<group>"; };
/* End PBXFileReference section */

/* Begin PBXFrameworksBuildPhase section */
		D6E95D6C23E957010044DF29 /* Frameworks */ = {
			isa = PBXFrameworksBuildPhase;
			buildActionMask = 2147483647;
			files = (
			);
			runOnlyForDeploymentPostprocessing = 0;
		};
		D6E95D8223E957020044DF29 /* Frameworks */ = {
			isa = PBXFrameworksBuildPhase;
			buildActionMask = 2147483647;
			files = (
			);
			runOnlyForDeploymentPostprocessing = 0;
		};
		D6E95D8D23E957020044DF29 /* Frameworks */ = {
			isa = PBXFrameworksBuildPhase;
			buildActionMask = 2147483647;
			files = (
			);
			runOnlyForDeploymentPostprocessing = 0;
		};
/* End PBXFrameworksBuildPhase section */

/* Begin PBXGroup section */
		D6E95D6623E957010044DF29 = {
			isa = PBXGroup;
			children = (
				D6E95D7123E957010044DF29 /* StringEncryption */,
				D6E95D8823E957020044DF29 /* StringEncryptionTests */,
				D6E95D9323E957020044DF29 /* StringEncryptionUITests */,
				D6E95D7023E957010044DF29 /* Products */,
			);
			sourceTree = "<group>";
		};
		D6E95D7023E957010044DF29 /* Products */ = {
			isa = PBXGroup;
			children = (
				D6E95D6F23E957010044DF29 /* StringEncryption.app */,
				D6E95D8523E957020044DF29 /* StringEncryptionTests.xctest */,
				D6E95D9023E957020044DF29 /* StringEncryptionUITests.xctest */,
			);
			name = Products;
			sourceTree = "<group>";
		};
		D6E95D7123E957010044DF29 /* StringEncryption */ = {
			isa = PBXGroup;
			children = (
				D6E95D7223E957010044DF29 /* AppDelegate.swift */,
				D6E95D7423E957010044DF29 /* SceneDelegate.swift */,
				D6E95D7623E957010044DF29 /* ViewController.swift */,
				D6F6FE7C23E9F45F00B963D8 /* EncryptionViewcontroller.swift */,
				D6F6FE7E23E9F57F00B963D8 /* DecryptViewController.swift */,
				D6E95D7823E957010044DF29 /* Main.storyboard */,
				D6E95D7B23E957020044DF29 /* Assets.xcassets */,
				D6E95D7D23E957020044DF29 /* LaunchScreen.storyboard */,
				D6E95D8023E957020044DF29 /* Info.plist */,
			);
			path = StringEncryption;
			sourceTree = "<group>";
		};
		D6E95D8823E957020044DF29 /* StringEncryptionTests */ = {
			isa = PBXGroup;
			children = (
				D6E95D8923E957020044DF29 /* StringEncryptionTests.swift */,
				D6E95D8B23E957020044DF29 /* Info.plist */,
			);
			path = StringEncryptionTests;
			sourceTree = "<group>";
		};
		D6E95D9323E957020044DF29 /* StringEncryptionUITests */ = {
			isa = PBXGroup;
			children = (
				D6E95D9423E957020044DF29 /* StringEncryptionUITests.swift */,
				D6E95D9623E957020044DF29 /* Info.plist */,
			);
			path = StringEncryptionUITests;
			sourceTree = "<group>";
		};
/* End PBXGroup section */

/* Begin PBXNativeTarget section */
		D6E95D6E23E957010044DF29 /* StringEncryption */ = {
			isa = PBXNativeTarget;
			buildConfigurationList = D6E95D9923E957020044DF29 /* Build configuration list for PBXNativeTarget "StringEncryption" */;
			buildPhases = (
				D6E95D6B23E957010044DF29 /* Sources */,
				D6E95D6C23E957010044DF29 /* Frameworks */,
				D6E95D6D23E957010044DF29 /* Resources */,
			);
			buildRules = (
			);
			dependencies = (
			);
			name = StringEncryption;
			productName = StringEncryption;
			productReference = D6E95D6F23E957010044DF29 /* StringEncryption.app */;
			productType = "com.apple.product-type.application";
		};
		D6E95D8423E957020044DF29 /* StringEncryptionTests */ = {
			isa = PBXNativeTarget;
			buildConfigurationList = D6E95D9C23E957020044DF29 /* Build configuration list for PBXNativeTarget "StringEncryptionTests" */;
			buildPhases = (
				D6E95D8123E957020044DF29 /* Sources */,
				D6E95D8223E957020044DF29 /* Frameworks */,
				D6E95D8323E957020044DF29 /* Resources */,
			);
			buildRules = (
			);
			dependencies = (
				D6E95D8723E957020044DF29 /* PBXTargetDependency */,
			);
			name = StringEncryptionTests;
			productName = StringEncryptionTests;
			productReference = D6E95D8523E957020044DF29 /* StringEncryptionTests.xctest */;
			productType = "com.apple.product-type.bundle.unit-test";
		};
		D6E95D8F23E957020044DF29 /* StringEncryptionUITests */ = {
			isa = PBXNativeTarget;
			buildConfigurationList = D6E95D9F23E957020044DF29 /* Build configuration list for PBXNativeTarget "StringEncryptionUITests" */;
			buildPhases = (
				D6E95D8C23E957020044DF29 /* Sources */,
				D6E95D8D23E957020044DF29 /* Frameworks */,
				D6E95D8E23E957020044DF29 /* Resources */,
			);
			buildRules = (
			);
			dependencies = (
				D6E95D9223E957020044DF29 /* PBXTargetDependency */,
			);
			name = StringEncryptionUITests;
			productName = StringEncryptionUITests;
			productReference = D6E95D9023E957020044DF29 /* StringEncryptionUITests.xctest */;
			productType = "com.apple.product-type.bundle.ui-testing";
		};
/* End PBXNativeTarget section */

/* Begin PBXProject section */
		D6E95D6723E957010044DF29 /* Project object */ = {
			isa = PBXProject;
			attributes = {
				LastSwiftUpdateCheck = 1110;
				LastUpgradeCheck = 1110;
				ORGANIZATIONNAME = "Sambit Das";
				TargetAttributes = {
					D6E95D6E23E957010044DF29 = {
						CreatedOnToolsVersion = 11.1;
					};
					D6E95D8423E957020044DF29 = {
						CreatedOnToolsVersion = 11.1;
						TestTargetID = D6E95D6E23E957010044DF29;
					};
					D6E95D8F23E957020044DF29 = {
						CreatedOnToolsVersion = 11.1;
						TestTargetID = D6E95D6E23E957010044DF29;
					};
				};
			};
			buildConfigurationList = D6E95D6A23E957010044DF29 /* Build configuration list for PBXProject "StringEncryption" */;
			compatibilityVersion = "Xcode 9.3";
			developmentRegion = en;
			hasScannedForEncodings = 0;
			knownRegions = (
				en,
				Base,
			);
			mainGroup = D6E95D6623E957010044DF29;
			productRefGroup = D6E95D7023E957010044DF29 /* Products */;
			projectDirPath = "";
			projectRoot = "";
			targets = (
				D6E95D6E23E957010044DF29 /* StringEncryption */,
				D6E95D8423E957020044DF29 /* StringEncryptionTests */,
				D6E95D8F23E957020044DF29 /* StringEncryptionUITests */,
			);
		};
/* End PBXProject section */

/* Begin PBXResourcesBuildPhase section */
		D6E95D6D23E957010044DF29 /* Resources */ = {
			isa = PBXResourcesBuildPhase;
			buildActionMask = 2147483647;
			files = (
				D6E95D7F23E957020044DF29 /* LaunchScreen.storyboard in Resources */,
				D6E95D7C23E957020044DF29 /* Assets.xcassets in Resources */,
				D6E95D7A23E957010044DF29 /* Main.storyboard in Resources */,
			);
			runOnlyForDeploymentPostprocessing = 0;
		};
		D6E95D8323E957020044DF29 /* Resources */ = {
			isa = PBXResourcesBuildPhase;
			buildActionMask = 2147483647;
			files = (
			);
			runOnlyForDeploymentPostprocessing = 0;
		};
		D6E95D8E23E957020044DF29 /* Resources */ = {
			isa = PBXResourcesBuildPhase;
			buildActionMask = 2147483647;
			files = (
			);
			runOnlyForDeploymentPostprocessing = 0;
		};
/* End PBXResourcesBuildPhase section */

/* Begin PBXSourcesBuildPhase section */
		D6E95D6B23E957010044DF29 /* Sources */ = {
			isa = PBXSourcesBuildPhase;
			buildActionMask = 2147483647;
			files = (
				D6E95D7723E957010044DF29 /* ViewController.swift in Sources */,
				D6E95D7323E957010044DF29 /* AppDelegate.swift in Sources */,
				D6E95D7523E957010044DF29 /* SceneDelegate.swift in Sources */,
				D6F6FE7D23E9F45F00B963D8 /* EncryptionViewcontroller.swift in Sources */,
				D6F6FE7F23E9F57F00B963D8 /* DecryptViewController.swift in Sources */,
			);
			runOnlyForDeploymentPostprocessing = 0;
		};
		D6E95D8123E957020044DF29 /* Sources */ = {
			isa = PBXSourcesBuildPhase;
			buildActionMask = 2147483647;
			files = (
				D6E95D8A23E957020044DF29 /* StringEncryptionTests.swift in Sources */,
			);
			runOnlyForDeploymentPostprocessing = 0;
		};
		D6E95D8C23E957020044DF29 /* Sources */ = {
			isa = PBXSourcesBuildPhase;
			buildActionMask = 2147483647;
			files = (
				D6E95D9523E957020044DF29 /* StringEncryptionUITests.swift in Sources */,
			);
			runOnlyForDeploymentPostprocessing = 0;
		};
/* End PBXSourcesBuildPhase section */

/* Begin PBXTargetDependency section */
		D6E95D8723E957020044DF29 /* PBXTargetDependency */ = {
			isa = PBXTargetDependency;
			target = D6E95D6E23E957010044DF29 /* StringEncryption */;
			targetProxy = D6E95D8623E957020044DF29 /* PBXContainerItemProxy */;
		};
		D6E95D9223E957020044DF29 /* PBXTargetDependency */ = {
			isa = PBXTargetDependency;
			target = D6E95D6E23E957010044DF29 /* StringEncryption */;
			targetProxy = D6E95D9123E957020044DF29 /* PBXContainerItemProxy */;
		};
/* End PBXTargetDependency section */

/* Begin PBXVariantGroup section */
		D6E95D7823E957010044DF29 /* Main.storyboard */ = {
			isa = PBXVariantGroup;
			children = (
				D6E95D7923E957010044DF29 /* Base */,
			);
			name = Main.storyboard;
			sourceTree = "<group>";
		};
		D6E95D7D23E957020044DF29 /* LaunchScreen.storyboard */ = {
			isa = PBXVariantGroup;
			children = (
				D6E95D7E23E957020044DF29 /* Base */,
			);
			name = LaunchScreen.storyboard;
			sourceTree = "<group>";
		};
/* End PBXVariantGroup section */

/* Begin XCBuildConfiguration section */
		D6E95D9723E957020044DF29 /* Debug */ = {
			isa = XCBuildConfiguration;
			buildSettings = {
				ALWAYS_SEARCH_USER_PATHS = NO;
				CLANG_ANALYZER_NONNULL = YES;
				CLANG_ANALYZER_NUMBER_OBJECT_CONVERSION = YES_AGGRESSIVE;
				CLANG_CXX_LANGUAGE_STANDARD = "gnu++14";
				CLANG_CXX_LIBRARY = "libc++";
				CLANG_ENABLE_MODULES = YES;
				CLANG_ENABLE_OBJC_ARC = YES;
				CLANG_ENABLE_OBJC_WEAK = YES;
				CLANG_WARN_BLOCK_CAPTURE_AUTORELEASING = YES;
				CLANG_WARN_BOOL_CONVERSION = YES;
				CLANG_WARN_COMMA = YES;
				CLANG_WARN_CONSTANT_CONVERSION = YES;
				CLANG_WARN_DEPRECATED_OBJC_IMPLEMENTATIONS = YES;
				CLANG_WARN_DIRECT_OBJC_ISA_USAGE = YES_ERROR;
				CLANG_WARN_DOCUMENTATION_COMMENTS = YES;
				CLANG_WARN_EMPTY_BODY = YES;
				CLANG_WARN_ENUM_CONVERSION = YES;
				CLANG_WARN_INFINITE_RECURSION = YES;
				CLANG_WARN_INT_CONVERSION = YES;
				CLANG_WARN_NON_LITERAL_NULL_CONVERSION = YES;
				CLANG_WARN_OBJC_IMPLICIT_RETAIN_SELF = YES;
				CLANG_WARN_OBJC_LITERAL_CONVERSION = YES;
				CLANG_WARN_OBJC_ROOT_CLASS = YES_ERROR;
				CLANG_WARN_RANGE_LOOP_ANALYSIS = YES;
				CLANG_WARN_STRICT_PROTOTYPES = YES;
				CLANG_WARN_SUSPICIOUS_MOVE = YES;
				CLANG_WARN_UNGUARDED_AVAILABILITY = YES_AGGRESSIVE;
				CLANG_WARN_UNREACHABLE_CODE = YES;
				CLANG_WARN__DUPLICATE_METHOD_MATCH = YES;
				COPY_PHASE_STRIP = NO;
				DEBUG_INFORMATION_FORMAT = dwarf;
				ENABLE_STRICT_OBJC_MSGSEND = YES;
				ENABLE_TESTABILITY = YES;
				GCC_C_LANGUAGE_STANDARD = gnu11;
				GCC_DYNAMIC_NO_PIC = NO;
				GCC_NO_COMMON_BLOCKS = YES;
				GCC_OPTIMIZATION_LEVEL = 0;
				GCC_PREPROCESSOR_DEFINITIONS = (
					"DEBUG=1",
					"$(inherited)",
				);
				GCC_WARN_64_TO_32_BIT_CONVERSION = YES;
				GCC_WARN_ABOUT_RETURN_TYPE = YES_ERROR;
				GCC_WARN_UNDECLARED_SELECTOR = YES;
				GCC_WARN_UNINITIALIZED_AUTOS = YES_AGGRESSIVE;
				GCC_WARN_UNUSED_FUNCTION = YES;
				GCC_WARN_UNUSED_VARIABLE = YES;
				IPHONEOS_DEPLOYMENT_TARGET = 13.1;
				MTL_ENABLE_DEBUG_INFO = INCLUDE_SOURCE;
				MTL_FAST_MATH = YES;
				ONLY_ACTIVE_ARCH = YES;
				SDKROOT = iphoneos;
				SWIFT_ACTIVE_COMPILATION_CONDITIONS = DEBUG;
				SWIFT_OPTIMIZATION_LEVEL = "-Onone";
			};
			name = Debug;
		};
		D6E95D9823E957020044DF29 /* Release */ = {
			isa = XCBuildConfiguration;
			buildSettings = {
				ALWAYS_SEARCH_USER_PATHS = NO;
				CLANG_ANALYZER_NONNULL = YES;
				CLANG_ANALYZER_NUMBER_OBJECT_CONVERSION = YES_AGGRESSIVE;
				CLANG_CXX_LANGUAGE_STANDARD = "gnu++14";
				CLANG_CXX_LIBRARY = "libc++";
				CLANG_ENABLE_MODULES = YES;
				CLANG_ENABLE_OBJC_ARC = YES;
				CLANG_ENABLE_OBJC_WEAK = YES;
				CLANG_WARN_BLOCK_CAPTURE_AUTORELEASING = YES;
				CLANG_WARN_BOOL_CONVERSION = YES;
				CLANG_WARN_COMMA = YES;
				CLANG_WARN_CONSTANT_CONVERSION = YES;
				CLANG_WARN_DEPRECATED_OBJC_IMPLEMENTATIONS = YES;
				CLANG_WARN_DIRECT_OBJC_ISA_USAGE = YES_ERROR;
				CLANG_WARN_DOCUMENTATION_COMMENTS = YES;
				CLANG_WARN_EMPTY_BODY = YES;
				CLANG_WARN_ENUM_CONVERSION = YES;
				CLANG_WARN_INFINITE_RECURSION = YES;
				CLANG_WARN_INT_CONVERSION = YES;
				CLANG_WARN_NON_LITERAL_NULL_CONVERSION = YES;
				CLANG_WARN_OBJC_IMPLICIT_RETAIN_SELF = YES;
				CLANG_WARN_OBJC_LITERAL_CONVERSION = YES;
				CLANG_WARN_OBJC_ROOT_CLASS = YES_ERROR;
				CLANG_WARN_RANGE_LOOP_ANALYSIS = YES;
				CLANG_WARN_STRICT_PROTOTYPES = YES;
				CLANG_WARN_SUSPICIOUS_MOVE = YES;
				CLANG_WARN_UNGUARDED_AVAILABILITY = YES_AGGRESSIVE;
				CLANG_WARN_UNREACHABLE_CODE = YES;
				CLANG_WARN__DUPLICATE_METHOD_MATCH = YES;
				COPY_PHASE_STRIP = NO;
				DEBUG_INFORMATION_FORMAT = "dwarf-with-dsym";
				ENABLE_NS_ASSERTIONS = NO;
				ENABLE_STRICT_OBJC_MSGSEND = YES;
				GCC_C_LANGUAGE_STANDARD = gnu11;
				GCC_NO_COMMON_BLOCKS = YES;
				GCC_WARN_64_TO_32_BIT_CONVERSION = YES;
				GCC_WARN_ABOUT_RETURN_TYPE = YES_ERROR;
				GCC_WARN_UNDECLARED_SELECTOR = YES;
				GCC_WARN_UNINITIALIZED_AUTOS = YES_AGGRESSIVE;
				GCC_WARN_UNUSED_FUNCTION = YES;
				GCC_WARN_UNUSED_VARIABLE = YES;
				IPHONEOS_DEPLOYMENT_TARGET = 13.1;
				MTL_ENABLE_DEBUG_INFO = NO;
				MTL_FAST_MATH = YES;
				SDKROOT = iphoneos;
				SWIFT_COMPILATION_MODE = wholemodule;
				SWIFT_OPTIMIZATION_LEVEL = "-O";
				VALIDATE_PRODUCT = YES;
			};
			name = Release;
		};
		D6E95D9A23E957020044DF29 /* Debug */ = {
			isa = XCBuildConfiguration;
			buildSettings = {
				ASSETCATALOG_COMPILER_APPICON_NAME = AppIcon;
				CODE_SIGN_STYLE = Automatic;
				DEVELOPMENT_TEAM = KFFGWW94BP;
				INFOPLIST_FILE = StringEncryption/Info.plist;
				LD_RUNPATH_SEARCH_PATHS = (
					"$(inherited)",
					"@executable_path/Frameworks",
				);
				PRODUCT_BUNDLE_IDENTIFIER = das.sambit.StringEncryption;
				PRODUCT_NAME = "$(TARGET_NAME)";
				SWIFT_VERSION = 5.0;
				TARGETED_DEVICE_FAMILY = "1,2";
			};
			name = Debug;
		};
		D6E95D9B23E957020044DF29 /* Release */ = {
			isa = XCBuildConfiguration;
			buildSettings = {
				ASSETCATALOG_COMPILER_APPICON_NAME = AppIcon;
				CODE_SIGN_STYLE = Automatic;
				DEVELOPMENT_TEAM = KFFGWW94BP;
				INFOPLIST_FILE = StringEncryption/Info.plist;
				LD_RUNPATH_SEARCH_PATHS = (
					"$(inherited)",
					"@executable_path/Frameworks",
				);
				PRODUCT_BUNDLE_IDENTIFIER = das.sambit.StringEncryption;
				PRODUCT_NAME = "$(TARGET_NAME)";
				SWIFT_VERSION = 5.0;
				TARGETED_DEVICE_FAMILY = "1,2";
			};
			name = Release;
		};
		D6E95D9D23E957020044DF29 /* Debug */ = {
			isa = XCBuildConfiguration;
			buildSettings = {
				ALWAYS_EMBED_SWIFT_STANDARD_LIBRARIES = YES;
				BUNDLE_LOADER = "$(TEST_HOST)";
				CODE_SIGN_STYLE = Automatic;
				DEVELOPMENT_TEAM = KFFGWW94BP;
				INFOPLIST_FILE = StringEncryptionTests/Info.plist;
				IPHONEOS_DEPLOYMENT_TARGET = 13.1;
				LD_RUNPATH_SEARCH_PATHS = (
					"$(inherited)",
					"@executable_path/Frameworks",
					"@loader_path/Frameworks",
				);
				PRODUCT_BUNDLE_IDENTIFIER = das.sambit.StringEncryptionTests;
				PRODUCT_NAME = "$(TARGET_NAME)";
				SWIFT_VERSION = 5.0;
				TARGETED_DEVICE_FAMILY = "1,2";
				TEST_HOST = "$(BUILT_PRODUCTS_DIR)/StringEncryption.app/StringEncryption";
			};
			name = Debug;
		};
		D6E95D9E23E957020044DF29 /* Release */ = {
			isa = XCBuildConfiguration;
			buildSettings = {
				ALWAYS_EMBED_SWIFT_STANDARD_LIBRARIES = YES;
				BUNDLE_LOADER = "$(TEST_HOST)";
				CODE_SIGN_STYLE = Automatic;
				DEVELOPMENT_TEAM = KFFGWW94BP;
				INFOPLIST_FILE = StringEncryptionTests/Info.plist;
				IPHONEOS_DEPLOYMENT_TARGET = 13.1;
				LD_RUNPATH_SEARCH_PATHS = (
					"$(inherited)",
					"@executable_path/Frameworks",
					"@loader_path/Frameworks",
				);
				PRODUCT_BUNDLE_IDENTIFIER = das.sambit.StringEncryptionTests;
				PRODUCT_NAME = "$(TARGET_NAME)";
				SWIFT_VERSION = 5.0;
				TARGETED_DEVICE_FAMILY = "1,2";
				TEST_HOST = "$(BUILT_PRODUCTS_DIR)/StringEncryption.app/StringEncryption";
			};
			name = Release;
		};
		D6E95DA023E957020044DF29 /* Debug */ = {
			isa = XCBuildConfiguration;
			buildSettings = {
				ALWAYS_EMBED_SWIFT_STANDARD_LIBRARIES = YES;
				CODE_SIGN_STYLE = Automatic;
				DEVELOPMENT_TEAM = KFFGWW94BP;
				INFOPLIST_FILE = StringEncryptionUITests/Info.plist;
				LD_RUNPATH_SEARCH_PATHS = (
					"$(inherited)",
					"@executable_path/Frameworks",
					"@loader_path/Frameworks",
				);
				PRODUCT_BUNDLE_IDENTIFIER = das.sambit.StringEncryptionUITests;
				PRODUCT_NAME = "$(TARGET_NAME)";
				SWIFT_VERSION = 5.0;
				TARGETED_DEVICE_FAMILY = "1,2";
				TEST_TARGET_NAME = StringEncryption;
			};
			name = Debug;
		};
		D6E95DA123E957020044DF29 /* Release */ = {
			isa = XCBuildConfiguration;
			buildSettings = {
				ALWAYS_EMBED_SWIFT_STANDARD_LIBRARIES = YES;
				CODE_SIGN_STYLE = Automatic;
				DEVELOPMENT_TEAM = KFFGWW94BP;
				INFOPLIST_FILE = StringEncryptionUITests/Info.plist;
				LD_RUNPATH_SEARCH_PATHS = (
					"$(inherited)",
					"@executable_path/Frameworks",
					"@loader_path/Frameworks",
				);
				PRODUCT_BUNDLE_IDENTIFIER = das.sambit.StringEncryptionUITests;
				PRODUCT_NAME = "$(TARGET_NAME)";
				SWIFT_VERSION = 5.0;
				TARGETED_DEVICE_FAMILY = "1,2";
				TEST_TARGET_NAME = StringEncryption;
			};
			name = Release;
		};
/* End XCBuildConfiguration section */

/* Begin XCConfigurationList section */
		D6E95D6A23E957010044DF29 /* Build configuration list for PBXProject "StringEncryption" */ = {
			isa = XCConfigurationList;
			buildConfigurations = (
				D6E95D9723E957020044DF29 /* Debug */,
				D6E95D9823E957020044DF29 /* Release */,
			);
			defaultConfigurationIsVisible = 0;
			defaultConfigurationName = Release;
		};
		D6E95D9923E957020044DF29 /* Build configuration list for PBXNativeTarget "StringEncryption" */ = {
			isa = XCConfigurationList;
			buildConfigurations = (
				D6E95D9A23E957020044DF29 /* Debug */,
				D6E95D9B23E957020044DF29 /* Release */,
			);
			defaultConfigurationIsVisible = 0;
			defaultConfigurationName = Release;
		};
		D6E95D9C23E957020044DF29 /* Build configuration list for PBXNativeTarget "StringEncryptionTests" */ = {
			isa = XCConfigurationList;
			buildConfigurations = (
				D6E95D9D23E957020044DF29 /* Debug */,
				D6E95D9E23E957020044DF29 /* Release */,
			);
			defaultConfigurationIsVisible = 0;
			defaultConfigurationName = Release;
		};
		D6E95D9F23E957020044DF29 /* Build configuration list for PBXNativeTarget "StringEncryptionUITests" */ = {
			isa = XCConfigurationList;
			buildConfigurations = (
				D6E95DA023E957020044DF29 /* Debug */,
				D6E95DA123E957020044DF29 /* Release */,
			);
			defaultConfigurationIsVisible = 0;
			defaultConfigurationName = Release;
		};
/* End XCConfigurationList section */
	};
	rootObject = D6E95D6723E957010044DF29 /* Project object */;
}
